
Microsoft Visual Studio Solution File, Format Version 12.00
# Visual Studio 15
VisualStudioVersion = 15.0.28307.1231
MinimumVisualStudioVersion = 10.0.40219.1
Project("{FAE04EC0-301F-11D3-BF4B-00C04F79EFBC}") = "WindowsFormsApp1", "WindowsFormsApp1\WindowsFormsApp1.csproj", "{711F2FCE-6003-49F9-8031-BBA69271C5FD}"
EndProject
Global
	GlobalSection(SolutionConfigurationPlatforms) = preSolution
		Debug|Any CPU = Debug|Any CPU
		Release|Any CPU = Release|Any CPU
	EndGlobalSection
	GlobalSection(ProjectConfigurationPlatforms) = postSolution
		{711F2FCE-6003-49F9-8031-BBA69271C5FD}.Debug|Any CPU.ActiveCfg = Debug|Any CPU
		{711F2FCE-6003-49F9-8031-BBA69271C5FD}.Debug|Any CPU.Build.0 = Debug|Any CPU
		{711F2FCE-6003-49F9-8031-BBA69271C5FD}.Release|Any CPU.ActiveCfg = Release|Any CPU
		{711F2FCE-6003-49F9-8031-BBA69271C5FD}.Release|Any CPU.Build.0 = Release|Any CPU
	EndGlobalSection
	GlobalSection(SolutionProperties) = preSolution
		HideSolutionNode = FALSE
	EndGlobalSection
	GlobalSection(ExtensibilityGlobals) = postSolution
		SolutionGuid = {5C3EEF26-1BA1-4197-A68E-F4BF87C1E901}
	EndGlobalSection
EndGlobal
